// !$*UTF8*$!
{
	archiveVersion = 1;
	classes = {
	};
	objectVersion = 48;
	objects = {

/* Begin PBXBuildFile section */
		19B772A828BBEB951E728D3D /* Pods_MobileBanking.framework in Frameworks */ = {isa = PBXBuildFile; fileRef = 394A1F565B94C7CA5274FF87 /* Pods_MobileBanking.framework */; };
		490FD0B21FC23B1A00012859 /* AppDelegate.swift in Sources */ = {isa = PBXBuildFile; fileRef = 490FD0B11FC23B1A00012859 /* AppDelegate.swift */; };
		490FD0B41FC23B1A00012859 /* ViewController.swift in Sources */ = {isa = PBXBuildFile; fileRef = 490FD0B31FC23B1A00012859 /* ViewController.swift */; };
		490FD0B71FC23B1A00012859 /* Main.storyboard in Resources */ = {isa = PBXBuildFile; fileRef = 490FD0B51FC23B1A00012859 /* Main.storyboard */; };
		490FD0B91FC23B1A00012859 /* Assets.xcassets in Resources */ = {isa = PBXBuildFile; fileRef = 490FD0B81FC23B1A00012859 /* Assets.xcassets */; };
		490FD0BC1FC23B1A00012859 /* LaunchScreen.storyboard in Resources */ = {isa = PBXBuildFile; fileRef = 490FD0BA1FC23B1A00012859 /* LaunchScreen.storyboard */; };
		497CA68E1FC2404900E09047 /* LoginController.swift in Sources */ = {isa = PBXBuildFile; fileRef = 497CA68D1FC2404900E09047 /* LoginController.swift */; };
		497CA6901FC24A3300E09047 /* GoogleService-Info.plist in Resources */ = {isa = PBXBuildFile; fileRef = 497CA68F1FC24A3300E09047 /* GoogleService-Info.plist */; };
		497CA6921FC24B9C00E09047 /* AccountsController.swift in Sources */ = {isa = PBXBuildFile; fileRef = 497CA6911FC24B9C00E09047 /* AccountsController.swift */; };
		497CA6941FC24BAC00E09047 /* TransactionController.swift in Sources */ = {isa = PBXBuildFile; fileRef = 497CA6931FC24BAC00E09047 /* TransactionController.swift */; };
		49E9FD451FCD21C8004AFCA3 /* TabBarController.swift in Sources */ = {isa = PBXBuildFile; fileRef = 49E9FD441FCD21C8004AFCA3 /* TabBarController.swift */; };
		49E9FD491FCD2E48004AFCA3 /* AccountTableViewCell.swift in Sources */ = {isa = PBXBuildFile; fileRef = 49E9FD481FCD2E48004AFCA3 /* AccountTableViewCell.swift */; };
/* End PBXBuildFile section */

/* Begin PBXFileReference section */
		394A1F565B94C7CA5274FF87 /* Pods_MobileBanking.framework */ = {isa = PBXFileReference; explicitFileType = wrapper.framework; includeInIndex = 0; path = Pods_MobileBanking.framework; sourceTree = BUILT_PRODUCTS_DIR; };
		4492807ED4183D271566C573 /* Pods-MobileBanking.release.xcconfig */ = {isa = PBXFileReference; includeInIndex = 1; lastKnownFileType = text.xcconfig; name = "Pods-MobileBanking.release.xcconfig"; path = "Pods/Target Support Files/Pods-MobileBanking/Pods-MobileBanking.release.xcconfig"; sourceTree = "<group>"; };
		490FD0AE1FC23B1A00012859 /* MobileBanking.app */ = {isa = PBXFileReference; explicitFileType = wrapper.application; includeInIndex = 0; path = MobileBanking.app; sourceTree = BUILT_PRODUCTS_DIR; };
		490FD0B11FC23B1A00012859 /* AppDelegate.swift */ = {isa = PBXFileReference; lastKnownFileType = sourcecode.swift; path = AppDelegate.swift; sourceTree = "<group>"; };
		490FD0B31FC23B1A00012859 /* ViewController.swift */ = {isa = PBXFileReference; lastKnownFileType = sourcecode.swift; path = ViewController.swift; sourceTree = "<group>"; };
		490FD0B61FC23B1A00012859 /* Base */ = {isa = PBXFileReference; lastKnownFileType = file.storyboard; name = Base; path = Base.lproj/Main.storyboard; sourceTree = "<group>"; };
		490FD0B81FC23B1A00012859 /* Assets.xcassets */ = {isa = PBXFileReference; lastKnownFileType = folder.assetcatalog; path = Assets.xcassets; sourceTree = "<group>"; };
		490FD0BB1FC23B1A00012859 /* Base */ = {isa = PBXFileReference; lastKnownFileType = file.storyboard; name = Base; path = Base.lproj/LaunchScreen.storyboard; sourceTree = "<group>"; };
		490FD0BD1FC23B1A00012859 /* Info.plist */ = {isa = PBXFileReference; lastKnownFileType = text.plist.xml; path = Info.plist; sourceTree = "<group>"; };
		497CA68D1FC2404900E09047 /* LoginController.swift */ = {isa = PBXFileReference; lastKnownFileType = sourcecode.swift; path = LoginController.swift; sourceTree = "<group>"; };
		497CA68F1FC24A3300E09047 /* GoogleService-Info.plist */ = {isa = PBXFileReference; fileEncoding = 4; lastKnownFileType = text.plist.xml; path = "GoogleService-Info.plist"; sourceTree = "<group>"; };
		497CA6911FC24B9C00E09047 /* AccountsController.swift */ = {isa = PBXFileReference; lastKnownFileType = sourcecode.swift; path = AccountsController.swift; sourceTree = "<group>"; };
		497CA6931FC24BAC00E09047 /* TransactionController.swift */ = {isa = PBXFileReference; lastKnownFileType = sourcecode.swift; path = TransactionController.swift; sourceTree = "<group>"; };
		49E9FD441FCD21C8004AFCA3 /* TabBarController.swift */ = {isa = PBXFileReference; lastKnownFileType = sourcecode.swift; path = TabBarController.swift; sourceTree = "<group>"; };
		49E9FD481FCD2E48004AFCA3 /* AccountTableViewCell.swift */ = {isa = PBXFileReference; lastKnownFileType = sourcecode.swift; path = AccountTableViewCell.swift; sourceTree = "<group>"; };
		FB9B77B7425F814B004FB2BC /* Pods-MobileBanking.debug.xcconfig */ = {isa = PBXFileReference; includeInIndex = 1; lastKnownFileType = text.xcconfig; name = "Pods-MobileBanking.debug.xcconfig"; path = "Pods/Target Support Files/Pods-MobileBanking/Pods-MobileBanking.debug.xcconfig"; sourceTree = "<group>"; };
/* End PBXFileReference section */

/* Begin PBXFrameworksBuildPhase section */
		490FD0AB1FC23B1A00012859 /* Frameworks */ = {
			isa = PBXFrameworksBuildPhase;
			buildActionMask = 2147483647;
			files = (
				19B772A828BBEB951E728D3D /* Pods_MobileBanking.framework in Frameworks */,
			);
			runOnlyForDeploymentPostprocessing = 0;
		};
/* End PBXFrameworksBuildPhase section */

/* Begin PBXGroup section */
		490FD0A51FC23B1A00012859 = {
			isa = PBXGroup;
			children = (
				490FD0B01FC23B1A00012859 /* MobileBanking */,
				490FD0AF1FC23B1A00012859 /* Products */,
				C95087A97E1053D62AAF54B6 /* Pods */,
				A22194F981B14C17E1592ACB /* Frameworks */,
			);
			sourceTree = "<group>";
		};
		490FD0AF1FC23B1A00012859 /* Products */ = {
			isa = PBXGroup;
			children = (
				490FD0AE1FC23B1A00012859 /* MobileBanking.app */,
			);
			name = Products;
			sourceTree = "<group>";
		};
		490FD0B01FC23B1A00012859 /* MobileBanking */ = {
			isa = PBXGroup;
			children = (
				497CA68C1FC2402800E09047 /* Controllers */,
				490FD0B11FC23B1A00012859 /* AppDelegate.swift */,
				490FD0B31FC23B1A00012859 /* ViewController.swift */,
				490FD0B51FC23B1A00012859 /* Main.storyboard */,
				490FD0B81FC23B1A00012859 /* Assets.xcassets */,
				490FD0BA1FC23B1A00012859 /* LaunchScreen.storyboard */,
				490FD0BD1FC23B1A00012859 /* Info.plist */,
				497CA68F1FC24A3300E09047 /* GoogleService-Info.plist */,
			);
			path = MobileBanking;
			sourceTree = "<group>";
		};
		497CA68C1FC2402800E09047 /* Controllers */ = {
			isa = PBXGroup;
			children = (
				497CA68D1FC2404900E09047 /* LoginController.swift */,
				497CA6911FC24B9C00E09047 /* AccountsController.swift */,
				497CA6931FC24BAC00E09047 /* TransactionController.swift */,
				49E9FD441FCD21C8004AFCA3 /* TabBarController.swift */,
				49E9FD481FCD2E48004AFCA3 /* AccountTableViewCell.swift */,
			);
			path = Controllers;
			sourceTree = "<group>";
		};
		A22194F981B14C17E1592ACB /* Frameworks */ = {
			isa = PBXGroup;
			children = (
				394A1F565B94C7CA5274FF87 /* Pods_MobileBanking.framework */,
			);
			name = Frameworks;
			sourceTree = "<group>";
		};
		C95087A97E1053D62AAF54B6 /* Pods */ = {
			isa = PBXGroup;
			children = (
				FB9B77B7425F814B004FB2BC /* Pods-MobileBanking.debug.xcconfig */,
				4492807ED4183D271566C573 /* Pods-MobileBanking.release.xcconfig */,
			);
			name = Pods;
			sourceTree = "<group>";
		};
/* End PBXGroup section */

/* Begin PBXNativeTarget section */
		490FD0AD1FC23B1A00012859 /* MobileBanking */ = {
			isa = PBXNativeTarget;
			buildConfigurationList = 490FD0C01FC23B1A00012859 /* Build configuration list for PBXNativeTarget "MobileBanking" */;
			buildPhases = (
				97EF4F641F1C9EFAE60B0D2E /* [CP] Check Pods Manifest.lock */,
				490FD0AA1FC23B1A00012859 /* Sources */,
				490FD0AB1FC23B1A00012859 /* Frameworks */,
				490FD0AC1FC23B1A00012859 /* Resources */,
				E1819054C9579148DA890113 /* [CP] Embed Pods Frameworks */,
				FC376326B206C3842D812E10 /* [CP] Copy Pods Resources */,
			);
			buildRules = (
			);
			dependencies = (
			);
			name = MobileBanking;
			productName = MobileBanking;
			productReference = 490FD0AE1FC23B1A00012859 /* MobileBanking.app */;
			productType = "com.apple.product-type.application";
		};
/* End PBXNativeTarget section */

/* Begin PBXProject section */
		490FD0A61FC23B1A00012859 /* Project object */ = {
			isa = PBXProject;
			attributes = {
				LastSwiftUpdateCheck = 0910;
				LastUpgradeCheck = 0910;
				ORGANIZATIONNAME = "Andrew Webber";
				TargetAttributes = {
					490FD0AD1FC23B1A00012859 = {
						CreatedOnToolsVersion = 9.1;
						ProvisioningStyle = Automatic;
					};
				};
			};
			buildConfigurationList = 490FD0A91FC23B1A00012859 /* Build configuration list for PBXProject "MobileBanking" */;
			compatibilityVersion = "Xcode 8.0";
			developmentRegion = en;
			hasScannedForEncodings = 0;
			knownRegions = (
				en,
				Base,
			);
			mainGroup = 490FD0A51FC23B1A00012859;
			productRefGroup = 490FD0AF1FC23B1A00012859 /* Products */;
			projectDirPath = "";
			projectRoot = "";
			targets = (
				490FD0AD1FC23B1A00012859 /* MobileBanking */,
			);
		};
/* End PBXProject section */

/* Begin PBXResourcesBuildPhase section */
		490FD0AC1FC23B1A00012859 /* Resources */ = {
			isa = PBXResourcesBuildPhase;
			buildActionMask = 2147483647;
			files = (
				490FD0BC1FC23B1A00012859 /* LaunchScreen.storyboard in Resources */,
				497CA6901FC24A3300E09047 /* GoogleService-Info.plist in Resources */,
				490FD0B91FC23B1A00012859 /* Assets.xcassets in Resources */,
				490FD0B71FC23B1A00012859 /* Main.storyboard in Resources */,
			);
			runOnlyForDeploymentPostprocessing = 0;
		};
/* End PBXResourcesBuildPhase section */

/* Begin PBXShellScriptBuildPhase section */
		97EF4F641F1C9EFAE60B0D2E /* [CP] Check Pods Manifest.lock */ = {
			isa = PBXShellScriptBuildPhase;
			buildActionMask = 2147483647;
			files = (
			);
			inputPaths = (
				"${PODS_PODFILE_DIR_PATH}/Podfile.lock",
				"${PODS_ROOT}/Manifest.lock",
			);
			name = "[CP] Check Pods Manifest.lock";
			outputPaths = (
				"$(DERIVED_FILE_DIR)/Pods-MobileBanking-checkManifestLockResult.txt",
			);
			runOnlyForDeploymentPostprocessing = 0;
			shellPath = /bin/sh;
			shellScript = "diff \"${PODS_PODFILE_DIR_PATH}/Podfile.lock\" \"${PODS_ROOT}/Manifest.lock\" > /dev/null\nif [ $? != 0 ] ; then\n    # print error to STDERR\n    echo \"error: The sandbox is not in sync with the Podfile.lock. Run 'pod install' or update your CocoaPods installation.\" >&2\n    exit 1\nfi\n# This output is used by Xcode 'outputs' to avoid re-running this script phase.\necho \"SUCCESS\" > \"${SCRIPT_OUTPUT_FILE_0}\"\n";
			showEnvVarsInLog = 0;
		};
		E1819054C9579148DA890113 /* [CP] Embed Pods Frameworks */ = {
			isa = PBXShellScriptBuildPhase;
			buildActionMask = 2147483647;
			files = (
			);
			inputPaths = (
				"${SRCROOT}/Pods/Target Support Files/Pods-MobileBanking/Pods-MobileBanking-frameworks.sh",
				"${BUILT_PRODUCTS_DIR}/GTMSessionFetcher/GTMSessionFetcher.framework",
				"${BUILT_PRODUCTS_DIR}/GoogleToolboxForMac/GoogleToolboxForMac.framework",
				"${BUILT_PRODUCTS_DIR}/Protobuf/Protobuf.framework",
				"${BUILT_PRODUCTS_DIR}/leveldb-library/leveldb.framework",
				"${BUILT_PRODUCTS_DIR}/nanopb/nanopb.framework",
			);
			name = "[CP] Embed Pods Frameworks";
			outputPaths = (
				"${TARGET_BUILD_DIR}/${FRAMEWORKS_FOLDER_PATH}/GTMSessionFetcher.framework",
				"${TARGET_BUILD_DIR}/${FRAMEWORKS_FOLDER_PATH}/GoogleToolboxForMac.framework",
				"${TARGET_BUILD_DIR}/${FRAMEWORKS_FOLDER_PATH}/Protobuf.framework",
				"${TARGET_BUILD_DIR}/${FRAMEWORKS_FOLDER_PATH}/leveldb.framework",
				"${TARGET_BUILD_DIR}/${FRAMEWORKS_FOLDER_PATH}/nanopb.framework",
			);
			runOnlyForDeploymentPostprocessing = 0;
			shellPath = /bin/sh;
			shellScript = "\"${SRCROOT}/Pods/Target Support Files/Pods-MobileBanking/Pods-MobileBanking-frameworks.sh\"\n";
			showEnvVarsInLog = 0;
		};
		FC376326B206C3842D812E10 /* [CP] Copy Pods Resources */ = {
			isa = PBXShellScriptBuildPhase;
			buildActionMask = 2147483647;
			files = (
			);
			inputPaths = (
			);
			name = "[CP] Copy Pods Resources";
			outputPaths = (
			);
			runOnlyForDeploymentPostprocessing = 0;
			shellPath = /bin/sh;
			shellScript = "\"${SRCROOT}/Pods/Target Support Files/Pods-MobileBanking/Pods-MobileBanking-resources.sh\"\n";
			showEnvVarsInLog = 0;
		};
/* End PBXShellScriptBuildPhase section */

/* Begin PBXSourcesBuildPhase section */
		490FD0AA1FC23B1A00012859 /* Sources */ = {
			isa = PBXSourcesBuildPhase;
			buildActionMask = 2147483647;
			files = (
				490FD0B41FC23B1A00012859 /* ViewController.swift in Sources */,
				497CA68E1FC2404900E09047 /* LoginController.swift in Sources */,
				497CA6941FC24BAC00E09047 /* TransactionController.swift in Sources */,
				49E9FD451FCD21C8004AFCA3 /* TabBarController.swift in Sources */,
				49E9FD491FCD2E48004AFCA3 /* AccountTableViewCell.swift in Sources */,
				490FD0B21FC23B1A00012859 /* AppDelegate.swift in Sources */,
				497CA6921FC24B9C00E09047 /* AccountsController.swift in Sources */,
			);
			runOnlyForDeploymentPostprocessing = 0;
		};
/* End PBXSourcesBuildPhase section */

/* Begin PBXVariantGroup section */
		490FD0B51FC23B1A00012859 /* Main.storyboard */ = {
			isa = PBXVariantGroup;
			children = (
				490FD0B61FC23B1A00012859 /* Base */,
			);
			name = Main.storyboard;
			sourceTree = "<group>";
		};
		490FD0BA1FC23B1A00012859 /* LaunchScreen.storyboard */ = {
			isa = PBXVariantGroup;
			children = (
				490FD0BB1FC23B1A00012859 /* Base */,
			);
			name = LaunchScreen.storyboard;
			sourceTree = "<group>";
		};
/* End PBXVariantGroup section */

/* Begin XCBuildConfiguration section */
		490FD0BE1FC23B1A00012859 /* Debug */ = {
			isa = XCBuildConfiguration;
			buildSettings = {
				ALWAYS_SEARCH_USER_PATHS = NO;
				CLANG_ANALYZER_NONNULL = YES;
				CLANG_ANALYZER_NUMBER_OBJECT_CONVERSION = YES_AGGRESSIVE;
				CLANG_CXX_LANGUAGE_STANDARD = "gnu++14";
				CLANG_CXX_LIBRARY = "libc++";
				CLANG_ENABLE_MODULES = YES;
				CLANG_ENABLE_OBJC_ARC = YES;
				CLANG_WARN_BLOCK_CAPTURE_AUTORELEASING = YES;
				CLANG_WARN_BOOL_CONVERSION = YES;
				CLANG_WARN_COMMA = YES;
				CLANG_WARN_CONSTANT_CONVERSION = YES;
				CLANG_WARN_DIRECT_OBJC_ISA_USAGE = YES_ERROR;
				CLANG_WARN_DOCUMENTATION_COMMENTS = YES;
				CLANG_WARN_EMPTY_BODY = YES;
				CLANG_WARN_ENUM_CONVERSION = YES;
				CLANG_WARN_INFINITE_RECURSION = YES;
				CLANG_WARN_INT_CONVERSION = YES;
				CLANG_WARN_NON_LITERAL_NULL_CONVERSION = YES;
				CLANG_WARN_OBJC_LITERAL_CONVERSION = YES;
				CLANG_WARN_OBJC_ROOT_CLASS = YES_ERROR;
				CLANG_WARN_RANGE_LOOP_ANALYSIS = YES;
				CLANG_WARN_STRICT_PROTOTYPES = YES;
				CLANG_WARN_SUSPICIOUS_MOVE = YES;
				CLANG_WARN_UNGUARDED_AVAILABILITY = YES_AGGRESSIVE;
				CLANG_WARN_UNREACHABLE_CODE = YES;
				CLANG_WARN__DUPLICATE_METHOD_MATCH = YES;
				CODE_SIGN_IDENTITY = "iPhone Developer";
				COPY_PHASE_STRIP = NO;
				DEBUG_INFORMATION_FORMAT = dwarf;
				ENABLE_STRICT_OBJC_MSGSEND = YES;
				ENABLE_TESTABILITY = YES;
				GCC_C_LANGUAGE_STANDARD = gnu11;
				GCC_DYNAMIC_NO_PIC = NO;
				GCC_NO_COMMON_BLOCKS = YES;
				GCC_OPTIMIZATION_LEVEL = 0;
				GCC_PREPROCESSOR_DEFINITIONS = (
					"DEBUG=1",
					"$(inherited)",
				);
				GCC_WARN_64_TO_32_BIT_CONVERSION = YES;
				GCC_WARN_ABOUT_RETURN_TYPE = YES_ERROR;
				GCC_WARN_UNDECLARED_SELECTOR = YES;
				GCC_WARN_UNINITIALIZED_AUTOS = YES_AGGRESSIVE;
				GCC_WARN_UNUSED_FUNCTION = YES;
				GCC_WARN_UNUSED_VARIABLE = YES;
				IPHONEOS_DEPLOYMENT_TARGET = 11.1;
				MTL_ENABLE_DEBUG_INFO = YES;
				ONLY_ACTIVE_ARCH = YES;
				SDKROOT = iphoneos;
				SWIFT_ACTIVE_COMPILATION_CONDITIONS = DEBUG;
				SWIFT_OPTIMIZATION_LEVEL = "-Onone";
			};
			name = Debug;
		};
		490FD0BF1FC23B1A00012859 /* Release */ = {
			isa = XCBuildConfiguration;
			buildSettings = {
				ALWAYS_SEARCH_USER_PATHS = NO;
				CLANG_ANALYZER_NONNULL = YES;
				CLANG_ANALYZER_NUMBER_OBJECT_CONVERSION = YES_AGGRESSIVE;
				CLANG_CXX_LANGUAGE_STANDARD = "gnu++14";
				CLANG_CXX_LIBRARY = "libc++";
				CLANG_ENABLE_MODULES = YES;
				CLANG_ENABLE_OBJC_ARC = YES;
				CLANG_WARN_BLOCK_CAPTURE_AUTORELEASING = YES;
				CLANG_WARN_BOOL_CONVERSION = YES;
				CLANG_WARN_COMMA = YES;
				CLANG_WARN_CONSTANT_CONVERSION = YES;
				CLANG_WARN_DIRECT_OBJC_ISA_USAGE = YES_ERROR;
				CLANG_WARN_DOCUMENTATION_COMMENTS = YES;
				CLANG_WARN_EMPTY_BODY = YES;
				CLANG_WARN_ENUM_CONVERSION = YES;
				CLANG_WARN_INFINITE_RECURSION = YES;
				CLANG_WARN_INT_CONVERSION = YES;
				CLANG_WARN_NON_LITERAL_NULL_CONVERSION = YES;
				CLANG_WARN_OBJC_LITERAL_CONVERSION = YES;
				CLANG_WARN_OBJC_ROOT_CLASS = YES_ERROR;
				CLANG_WARN_RANGE_LOOP_ANALYSIS = YES;
				CLANG_WARN_STRICT_PROTOTYPES = YES;
				CLANG_WARN_SUSPICIOUS_MOVE = YES;
				CLANG_WARN_UNGUARDED_AVAILABILITY = YES_AGGRESSIVE;
				CLANG_WARN_UNREACHABLE_CODE = YES;
				CLANG_WARN__DUPLICATE_METHOD_MATCH = YES;
				CODE_SIGN_IDENTITY = "iPhone Developer";
				COPY_PHASE_STRIP = NO;
				DEBUG_INFORMATION_FORMAT = "dwarf-with-dsym";
				ENABLE_NS_ASSERTIONS = NO;
				ENABLE_STRICT_OBJC_MSGSEND = YES;
				GCC_C_LANGUAGE_STANDARD = gnu11;
				GCC_NO_COMMON_BLOCKS = YES;
				GCC_WARN_64_TO_32_BIT_CONVERSION = YES;
				GCC_WARN_ABOUT_RETURN_TYPE = YES_ERROR;
				GCC_WARN_UNDECLARED_SELECTOR = YES;
				GCC_WARN_UNINITIALIZED_AUTOS = YES_AGGRESSIVE;
				GCC_WARN_UNUSED_FUNCTION = YES;
				GCC_WARN_UNUSED_VARIABLE = YES;
				IPHONEOS_DEPLOYMENT_TARGET = 11.1;
				MTL_ENABLE_DEBUG_INFO = NO;
				SDKROOT = iphoneos;
				SWIFT_OPTIMIZATION_LEVEL = "-Owholemodule";
				VALIDATE_PRODUCT = YES;
			};
			name = Release;
		};
		490FD0C11FC23B1A00012859 /* Debug */ = {
			isa = XCBuildConfiguration;
			baseConfigurationReference = FB9B77B7425F814B004FB2BC /* Pods-MobileBanking.debug.xcconfig */;
			buildSettings = {
				ASSETCATALOG_COMPILER_APPICON_NAME = AppIcon;
				CODE_SIGN_STYLE = Automatic;
				INFOPLIST_FILE = MobileBanking/Info.plist;
				LD_RUNPATH_SEARCH_PATHS = "$(inherited) @executable_path/Frameworks";
				PRODUCT_BUNDLE_IDENTIFIER = com.webber.MobileBanking;
				PRODUCT_NAME = "$(TARGET_NAME)";
				SWIFT_VERSION = 4.0;
				TARGETED_DEVICE_FAMILY = "1,2";
			};
			name = Debug;
		};
		490FD0C21FC23B1A00012859 /* Release */ = {
			isa = XCBuildConfiguration;
			baseConfigurationReference = 4492807ED4183D271566C573 /* Pods-MobileBanking.release.xcconfig */;
			buildSettings = {
				ASSETCATALOG_COMPILER_APPICON_NAME = AppIcon;
				CODE_SIGN_STYLE = Automatic;
				INFOPLIST_FILE = MobileBanking/Info.plist;
				LD_RUNPATH_SEARCH_PATHS = "$(inherited) @executable_path/Frameworks";
				PRODUCT_BUNDLE_IDENTIFIER = com.webber.MobileBanking;
				PRODUCT_NAME = "$(TARGET_NAME)";
				SWIFT_VERSION = 4.0;
				TARGETED_DEVICE_FAMILY = "1,2";
			};
			name = Release;
		};
/* End XCBuildConfiguration section */

/* Begin XCConfigurationList section */
		490FD0A91FC23B1A00012859 /* Build configuration list for PBXProject "MobileBanking" */ = {
			isa = XCConfigurationList;
			buildConfigurations = (
				490FD0BE1FC23B1A00012859 /* Debug */,
				490FD0BF1FC23B1A00012859 /* Release */,
			);
			defaultConfigurationIsVisible = 0;
			defaultConfigurationName = Release;
		};
		490FD0C01FC23B1A00012859 /* Build configuration list for PBXNativeTarget "MobileBanking" */ = {
			isa = XCConfigurationList;
			buildConfigurations = (
				490FD0C11FC23B1A00012859 /* Debug */,
				490FD0C21FC23B1A00012859 /* Release */,
			);
			defaultConfigurationIsVisible = 0;
			defaultConfigurationName = Release;
		};
/* End XCConfigurationList section */
	};
	rootObject = 490FD0A61FC23B1A00012859 /* Project object */;
}
